
Microsoft Visual Studio Solution File, Format Version 12.00
# Visual Studio Version 17
VisualStudioVersion = 17.6.33815.320
MinimumVisualStudioVersion = 10.0.40219.1
Project("{FAE04EC0-301F-11D3-BF4B-00C04F79EFBC}") = "ElevatorChallenge", "ElevatorChallenge\ElevatorChallenge.csproj", "{15718F17-8B2E-481A-BDF6-0A25873E2936}"
EndProject
Global
	GlobalSection(SolutionConfigurationPlatforms) = preSolution
		Debug|Any CPU = Debug|Any CPU
		Release|Any CPU = Release|Any CPU
	EndGlobalSection
	GlobalSection(ProjectConfigurationPlatforms) = postSolution
		{15718F17-8B2E-481A-BDF6-0A25873E2936}.Debug|Any CPU.ActiveCfg = Debug|Any CPU
		{15718F17-8B2E-481A-BDF6-0A25873E2936}.Debug|Any CPU.Build.0 = Debug|Any CPU
		{15718F17-8B2E-481A-BDF6-0A25873E2936}.Release|Any CPU.ActiveCfg = Release|Any CPU
		{15718F17-8B2E-481A-BDF6-0A25873E2936}.Release|Any CPU.Build.0 = Release|Any CPU
	EndGlobalSection
	GlobalSection(SolutionProperties) = preSolution
		HideSolutionNode = FALSE
	EndGlobalSection
	GlobalSection(ExtensibilityGlobals) = postSolution
		SolutionGuid = {0946D560-405E-4904-AD24-8DB488385E7F}
	EndGlobalSection
EndGlobal
